
Microsoft Visual Studio Solution File, Format Version 12.00
# Visual Studio 15
VisualStudioVersion = 15.0.26124.0
MinimumVisualStudioVersion = 15.0.26124.0
Project("{2150E333-8FDC-42A3-9474-1A3956D46DE8}") = "src", "src", "{1B4A826B-2892-4E96-B6C3-B3DA1592A086}"
EndProject
Project("{FAE04EC0-301F-11D3-BF4B-00C04F79EFBC}") = "Actio.Api", "src\Actio.Api\Actio.Api.csproj", "{EBD4E772-F1AD-4D4D-9337-DF0F4418073E}"
EndProject
Project("{FAE04EC0-301F-11D3-BF4B-00C04F79EFBC}") = "Actio.Common", "src\Actio.Common\Actio.Common.csproj", "{52188687-D76A-48CA-9D3D-E82F5DA85AD5}"
EndProject
Project("{FAE04EC0-301F-11D3-BF4B-00C04F79EFBC}") = "Actio.Services.Identity", "src\Actio.Services.Identity\Actio.Services.Identity.csproj", "{2F55C8AE-B6E6-4439-A032-CD2B45FDC973}"
EndProject
Project("{FAE04EC0-301F-11D3-BF4B-00C04F79EFBC}") = "Actio.Services.Activities", "src\Actio.Services.Activities\Actio.Services.Activities.csproj", "{83C202ED-8AB7-4F6D-8998-2DD0F168B239}"
EndProject
Global
	GlobalSection(SolutionConfigurationPlatforms) = preSolution
		Debug|Any CPU = Debug|Any CPU
		Debug|x64 = Debug|x64
		Debug|x86 = Debug|x86
		Release|Any CPU = Release|Any CPU
		Release|x64 = Release|x64
		Release|x86 = Release|x86
	EndGlobalSection
	GlobalSection(SolutionProperties) = preSolution
		HideSolutionNode = FALSE
	EndGlobalSection
	GlobalSection(ProjectConfigurationPlatforms) = postSolution
		{EBD4E772-F1AD-4D4D-9337-DF0F4418073E}.Debug|Any CPU.ActiveCfg = Debug|Any CPU
		{EBD4E772-F1AD-4D4D-9337-DF0F4418073E}.Debug|Any CPU.Build.0 = Debug|Any CPU
		{EBD4E772-F1AD-4D4D-9337-DF0F4418073E}.Debug|x64.ActiveCfg = Debug|Any CPU
		{EBD4E772-F1AD-4D4D-9337-DF0F4418073E}.Debug|x64.Build.0 = Debug|Any CPU
		{EBD4E772-F1AD-4D4D-9337-DF0F4418073E}.Debug|x86.ActiveCfg = Debug|Any CPU
		{EBD4E772-F1AD-4D4D-9337-DF0F4418073E}.Debug|x86.Build.0 = Debug|Any CPU
		{EBD4E772-F1AD-4D4D-9337-DF0F4418073E}.Release|Any CPU.ActiveCfg = Release|Any CPU
		{EBD4E772-F1AD-4D4D-9337-DF0F4418073E}.Release|Any CPU.Build.0 = Release|Any CPU
		{EBD4E772-F1AD-4D4D-9337-DF0F4418073E}.Release|x64.ActiveCfg = Release|Any CPU
		{EBD4E772-F1AD-4D4D-9337-DF0F4418073E}.Release|x64.Build.0 = Release|Any CPU
		{EBD4E772-F1AD-4D4D-9337-DF0F4418073E}.Release|x86.ActiveCfg = Release|Any CPU
		{EBD4E772-F1AD-4D4D-9337-DF0F4418073E}.Release|x86.Build.0 = Release|Any CPU
		{52188687-D76A-48CA-9D3D-E82F5DA85AD5}.Debug|Any CPU.ActiveCfg = Debug|Any CPU
		{52188687-D76A-48CA-9D3D-E82F5DA85AD5}.Debug|Any CPU.Build.0 = Debug|Any CPU
		{52188687-D76A-48CA-9D3D-E82F5DA85AD5}.Debug|x64.ActiveCfg = Debug|Any CPU
		{52188687-D76A-48CA-9D3D-E82F5DA85AD5}.Debug|x64.Build.0 = Debug|Any CPU
		{52188687-D76A-48CA-9D3D-E82F5DA85AD5}.Debug|x86.ActiveCfg = Debug|Any CPU
		{52188687-D76A-48CA-9D3D-E82F5DA85AD5}.Debug|x86.Build.0 = Debug|Any CPU
		{52188687-D76A-48CA-9D3D-E82F5DA85AD5}.Release|Any CPU.ActiveCfg = Release|Any CPU
		{52188687-D76A-48CA-9D3D-E82F5DA85AD5}.Release|Any CPU.Build.0 = Release|Any CPU
		{52188687-D76A-48CA-9D3D-E82F5DA85AD5}.Release|x64.ActiveCfg = Release|Any CPU
		{52188687-D76A-48CA-9D3D-E82F5DA85AD5}.Release|x64.Build.0 = Release|Any CPU
		{52188687-D76A-48CA-9D3D-E82F5DA85AD5}.Release|x86.ActiveCfg = Release|Any CPU
		{52188687-D76A-48CA-9D3D-E82F5DA85AD5}.Release|x86.Build.0 = Release|Any CPU
		{2F55C8AE-B6E6-4439-A032-CD2B45FDC973}.Debug|Any CPU.ActiveCfg = Debug|Any CPU
		{2F55C8AE-B6E6-4439-A032-CD2B45FDC973}.Debug|Any CPU.Build.0 = Debug|Any CPU
		{2F55C8AE-B6E6-4439-A032-CD2B45FDC973}.Debug|x64.ActiveCfg = Debug|Any CPU
		{2F55C8AE-B6E6-4439-A032-CD2B45FDC973}.Debug|x64.Build.0 = Debug|Any CPU
		{2F55C8AE-B6E6-4439-A032-CD2B45FDC973}.Debug|x86.ActiveCfg = Debug|Any CPU
		{2F55C8AE-B6E6-4439-A032-CD2B45FDC973}.Debug|x86.Build.0 = Debug|Any CPU
		{2F55C8AE-B6E6-4439-A032-CD2B45FDC973}.Release|Any CPU.ActiveCfg = Release|Any CPU
		{2F55C8AE-B6E6-4439-A032-CD2B45FDC973}.Release|Any CPU.Build.0 = Release|Any CPU
		{2F55C8AE-B6E6-4439-A032-CD2B45FDC973}.Release|x64.ActiveCfg = Release|Any CPU
		{2F55C8AE-B6E6-4439-A032-CD2B45FDC973}.Release|x64.Build.0 = Release|Any CPU
		{2F55C8AE-B6E6-4439-A032-CD2B45FDC973}.Release|x86.ActiveCfg = Release|Any CPU
		{2F55C8AE-B6E6-4439-A032-CD2B45FDC973}.Release|x86.Build.0 = Release|Any CPU
		{83C202ED-8AB7-4F6D-8998-2DD0F168B239}.Debug|Any CPU.ActiveCfg = Debug|Any CPU
		{83C202ED-8AB7-4F6D-8998-2DD0F168B239}.Debug|Any CPU.Build.0 = Debug|Any CPU
		{83C202ED-8AB7-4F6D-8998-2DD0F168B239}.Debug|x64.ActiveCfg = Debug|Any CPU
		{83C202ED-8AB7-4F6D-8998-2DD0F168B239}.Debug|x64.Build.0 = Debug|Any CPU
		{83C202ED-8AB7-4F6D-8998-2DD0F168B239}.Debug|x86.ActiveCfg = Debug|Any CPU
		{83C202ED-8AB7-4F6D-8998-2DD0F168B239}.Debug|x86.Build.0 = Debug|Any CPU
		{83C202ED-8AB7-4F6D-8998-2DD0F168B239}.Release|Any CPU.ActiveCfg = Release|Any CPU
		{83C202ED-8AB7-4F6D-8998-2DD0F168B239}.Release|Any CPU.Build.0 = Release|Any CPU
		{83C202ED-8AB7-4F6D-8998-2DD0F168B239}.Release|x64.ActiveCfg = Release|Any CPU
		{83C202ED-8AB7-4F6D-8998-2DD0F168B239}.Release|x64.Build.0 = Release|Any CPU
		{83C202ED-8AB7-4F6D-8998-2DD0F168B239}.Release|x86.ActiveCfg = Release|Any CPU
		{83C202ED-8AB7-4F6D-8998-2DD0F168B239}.Release|x86.Build.0 = Release|Any CPU
	EndGlobalSection
	GlobalSection(NestedProjects) = preSolution
		{EBD4E772-F1AD-4D4D-9337-DF0F4418073E} = {1B4A826B-2892-4E96-B6C3-B3DA1592A086}
		{52188687-D76A-48CA-9D3D-E82F5DA85AD5} = {1B4A826B-2892-4E96-B6C3-B3DA1592A086}
		{2F55C8AE-B6E6-4439-A032-CD2B45FDC973} = {1B4A826B-2892-4E96-B6C3-B3DA1592A086}
		{83C202ED-8AB7-4F6D-8998-2DD0F168B239} = {1B4A826B-2892-4E96-B6C3-B3DA1592A086}
	EndGlobalSection
EndGlobal
